
Microsoft Visual Studio Solution File, Format Version 12.00
# Visual Studio Version 17
VisualStudioVersion = 17.0.32112.339
MinimumVisualStudioVersion = 10.0.40219.1
Project("{FAE04EC0-301F-11D3-BF4B-00C04F79EFBC}") = "Fibonacci", "Fibonacci\Fibonacci.csproj", "{0208A394-869C-4942-A873-E49471FBD315}"
EndProject
Project("{FAE04EC0-301F-11D3-BF4B-00C04F79EFBC}") = "TestFibonacci", "TestFibonacci\TestFibonacci.csproj", "{43D813B6-EF67-4416-96DD-32A3DFADF1A5}"
EndProject
Global
	GlobalSection(SolutionConfigurationPlatforms) = preSolution
		Debug|Any CPU = Debug|Any CPU
		Release|Any CPU = Release|Any CPU
	EndGlobalSection
	GlobalSection(ProjectConfigurationPlatforms) = postSolution
		{0208A394-869C-4942-A873-E49471FBD315}.Debug|Any CPU.ActiveCfg = Debug|Any CPU
		{0208A394-869C-4942-A873-E49471FBD315}.Debug|Any CPU.Build.0 = Debug|Any CPU
		{0208A394-869C-4942-A873-E49471FBD315}.Release|Any CPU.ActiveCfg = Release|Any CPU
		{0208A394-869C-4942-A873-E49471FBD315}.Release|Any CPU.Build.0 = Release|Any CPU
		{43D813B6-EF67-4416-96DD-32A3DFADF1A5}.Debug|Any CPU.ActiveCfg = Debug|Any CPU
		{43D813B6-EF67-4416-96DD-32A3DFADF1A5}.Debug|Any CPU.Build.0 = Debug|Any CPU
		{43D813B6-EF67-4416-96DD-32A3DFADF1A5}.Release|Any CPU.ActiveCfg = Release|Any CPU
		{43D813B6-EF67-4416-96DD-32A3DFADF1A5}.Release|Any CPU.Build.0 = Release|Any CPU
	EndGlobalSection
	GlobalSection(SolutionProperties) = preSolution
		HideSolutionNode = FALSE
	EndGlobalSection
	GlobalSection(ExtensibilityGlobals) = postSolution
		SolutionGuid = {6DDFF73F-B3CA-4A91-A5CA-57B4E6EC1C15}
	EndGlobalSection
EndGlobal
